// !$*UTF8*$!
{
	archiveVersion = 1;
	classes = {
	};
	objectVersion = 46;
	objects = {

/* Begin PBXBuildFile section */
		330A2A1519CABBE300441A2A /* main.m in Sources */ = {isa = PBXBuildFile; fileRef = 330A2A1419CABBE300441A2A /* main.m */; };
		330A2A1819CABBE300441A2A /* AppDelegate.m in Sources */ = {isa = PBXBuildFile; fileRef = 330A2A1719CABBE300441A2A /* AppDelegate.m */; };
		330A2A1B19CABBE300441A2A /* ViewController.m in Sources */ = {isa = PBXBuildFile; fileRef = 330A2A1A19CABBE300441A2A /* ViewController.m */; };
		330A2A1E19CABBE300441A2A /* Main.storyboard in Resources */ = {isa = PBXBuildFile; fileRef = 330A2A1C19CABBE300441A2A /* Main.storyboard */; };
		330A2A2019CABBE300441A2A /* Images.xcassets in Resources */ = {isa = PBXBuildFile; fileRef = 330A2A1F19CABBE300441A2A /* Images.xcassets */; };
		330A2A2319CABBE300441A2A /* LaunchScreen.xib in Resources */ = {isa = PBXBuildFile; fileRef = 330A2A2119CABBE300441A2A /* LaunchScreen.xib */; };
		330A2A2F19CABBE300441A2A /* MousePadPreTests.m in Sources */ = {isa = PBXBuildFile; fileRef = 330A2A2E19CABBE300441A2A /* MousePadPreTests.m */; };
		335C358419D163D5004CD23C /* TimeMine.m in Sources */ = {isa = PBXBuildFile; fileRef = 335C358319D163D5004CD23C /* TimeMine.m */; };
		335C358819D16C86004CD23C /* KeyboardButtonManager.m in Sources */ = {isa = PBXBuildFile; fileRef = 335C358719D16C86004CD23C /* KeyboardButtonManager.m */; };
		335C358B19D16EC1004CD23C /* KeyboardButtonObject.m in Sources */ = {isa = PBXBuildFile; fileRef = 335C358A19D16EC1004CD23C /* KeyboardButtonObject.m */; };
		335C358E19D17664004CD23C /* BonjourConnectionController.m in Sources */ = {isa = PBXBuildFile; fileRef = 335C358D19D17664004CD23C /* BonjourConnectionController.m */; };
		33657F1C19E027700074D782 /* KeysData.m in Sources */ = {isa = PBXBuildFile; fileRef = 33657F1B19E027700074D782 /* KeysData.m */; };
		33657F1D19E027700074D782 /* KeysData.m in Sources */ = {isa = PBXBuildFile; fileRef = 33657F1B19E027700074D782 /* KeysData.m */; };
/* End PBXBuildFile section */

/* Begin PBXContainerItemProxy section */
		330A2A2919CABBE300441A2A /* PBXContainerItemProxy */ = {
			isa = PBXContainerItemProxy;
			containerPortal = 330A2A0719CABBE300441A2A /* Project object */;
			proxyType = 1;
			remoteGlobalIDString = 330A2A0E19CABBE300441A2A;
			remoteInfo = MousePadPre;
		};
/* End PBXContainerItemProxy section */

/* Begin PBXFileReference section */
		330A2A0F19CABBE300441A2A /* MousePadPre.app */ = {isa = PBXFileReference; explicitFileType = wrapper.application; includeInIndex = 0; path = MousePadPre.app; sourceTree = BUILT_PRODUCTS_DIR; };
		330A2A1319CABBE300441A2A /* Info.plist */ = {isa = PBXFileReference; lastKnownFileType = text.plist.xml; path = Info.plist; sourceTree = "<group>"; };
		330A2A1419CABBE300441A2A /* main.m */ = {isa = PBXFileReference; lastKnownFileType = sourcecode.c.objc; path = main.m; sourceTree = "<group>"; };
		330A2A1619CABBE300441A2A /* AppDelegate.h */ = {isa = PBXFileReference; lastKnownFileType = sourcecode.c.h; path = AppDelegate.h; sourceTree = "<group>"; };
		330A2A1719CABBE300441A2A /* AppDelegate.m */ = {isa = PBXFileReference; lastKnownFileType = sourcecode.c.objc; path = AppDelegate.m; sourceTree = "<group>"; };
		330A2A1919CABBE300441A2A /* ViewController.h */ = {isa = PBXFileReference; lastKnownFileType = sourcecode.c.h; path = ViewController.h; sourceTree = "<group>"; };
		330A2A1A19CABBE300441A2A /* ViewController.m */ = {isa = PBXFileReference; lastKnownFileType = sourcecode.c.objc; path = ViewController.m; sourceTree = "<group>"; };
		330A2A1D19CABBE300441A2A /* Base */ = {isa = PBXFileReference; lastKnownFileType = file.storyboard; name = Base; path = Base.lproj/Main.storyboard; sourceTree = "<group>"; };
		330A2A1F19CABBE300441A2A /* Images.xcassets */ = {isa = PBXFileReference; lastKnownFileType = folder.assetcatalog; path = Images.xcassets; sourceTree = "<group>"; };
		330A2A2219CABBE300441A2A /* Base */ = {isa = PBXFileReference; lastKnownFileType = file.xib; name = Base; path = Base.lproj/LaunchScreen.xib; sourceTree = "<group>"; };
		330A2A2819CABBE300441A2A /* MousePadPreTests.xctest */ = {isa = PBXFileReference; explicitFileType = wrapper.cfbundle; includeInIndex = 0; path = MousePadPreTests.xctest; sourceTree = BUILT_PRODUCTS_DIR; };
		330A2A2D19CABBE300441A2A /* Info.plist */ = {isa = PBXFileReference; lastKnownFileType = text.plist.xml; path = Info.plist; sourceTree = "<group>"; };
		330A2A2E19CABBE300441A2A /* MousePadPreTests.m */ = {isa = PBXFileReference; lastKnownFileType = sourcecode.c.objc; path = MousePadPreTests.m; sourceTree = "<group>"; };
		335C358219D163D5004CD23C /* TimeMine.h */ = {isa = PBXFileReference; fileEncoding = 4; lastKnownFileType = sourcecode.c.h; path = TimeMine.h; sourceTree = "<group>"; };
		335C358319D163D5004CD23C /* TimeMine.m */ = {isa = PBXFileReference; fileEncoding = 4; lastKnownFileType = sourcecode.c.objc; path = TimeMine.m; sourceTree = "<group>"; };
		335C358619D16C86004CD23C /* KeyboardButtonManager.h */ = {isa = PBXFileReference; fileEncoding = 4; lastKnownFileType = sourcecode.c.h; path = KeyboardButtonManager.h; sourceTree = "<group>"; };
		335C358719D16C86004CD23C /* KeyboardButtonManager.m */ = {isa = PBXFileReference; fileEncoding = 4; lastKnownFileType = sourcecode.c.objc; path = KeyboardButtonManager.m; sourceTree = "<group>"; };
		335C358919D16EC1004CD23C /* KeyboardButtonObject.h */ = {isa = PBXFileReference; fileEncoding = 4; lastKnownFileType = sourcecode.c.h; path = KeyboardButtonObject.h; sourceTree = "<group>"; };
		335C358A19D16EC1004CD23C /* KeyboardButtonObject.m */ = {isa = PBXFileReference; fileEncoding = 4; lastKnownFileType = sourcecode.c.objc; path = KeyboardButtonObject.m; sourceTree = "<group>"; };
		335C358C19D17664004CD23C /* BonjourConnectionController.h */ = {isa = PBXFileReference; fileEncoding = 4; lastKnownFileType = sourcecode.c.h; path = BonjourConnectionController.h; sourceTree = "<group>"; };
		335C358D19D17664004CD23C /* BonjourConnectionController.m */ = {isa = PBXFileReference; fileEncoding = 4; lastKnownFileType = sourcecode.c.objc; path = BonjourConnectionController.m; sourceTree = "<group>"; };
		33657F1A19E027700074D782 /* KeysData.h */ = {isa = PBXFileReference; fileEncoding = 4; lastKnownFileType = sourcecode.c.h; path = KeysData.h; sourceTree = "<group>"; };
		33657F1B19E027700074D782 /* KeysData.m */ = {isa = PBXFileReference; fileEncoding = 4; lastKnownFileType = sourcecode.c.objc; path = KeysData.m; sourceTree = "<group>"; };
/* End PBXFileReference section */

/* Begin PBXFrameworksBuildPhase section */
		330A2A0C19CABBE300441A2A /* Frameworks */ = {
			isa = PBXFrameworksBuildPhase;
			buildActionMask = 2147483647;
			files = (
			);
			runOnlyForDeploymentPostprocessing = 0;
		};
		330A2A2519CABBE300441A2A /* Frameworks */ = {
			isa = PBXFrameworksBuildPhase;
			buildActionMask = 2147483647;
			files = (
			);
			runOnlyForDeploymentPostprocessing = 0;
		};
/* End PBXFrameworksBuildPhase section */

/* Begin PBXGroup section */
		330A2A0619CABBE300441A2A = {
			isa = PBXGroup;
			children = (
				335C358519D163DA004CD23C /* TimeAssert */,
				330A2A1119CABBE300441A2A /* MousePadPre */,
				330A2A2B19CABBE300441A2A /* MousePadPreTests */,
				330A2A1019CABBE300441A2A /* Products */,
			);
			sourceTree = "<group>";
		};
		330A2A1019CABBE300441A2A /* Products */ = {
			isa = PBXGroup;
			children = (
				330A2A0F19CABBE300441A2A /* MousePadPre.app */,
				330A2A2819CABBE300441A2A /* MousePadPreTests.xctest */,
			);
			name = Products;
			sourceTree = "<group>";
		};
		330A2A1119CABBE300441A2A /* MousePadPre */ = {
			isa = PBXGroup;
			children = (
				330A2A1619CABBE300441A2A /* AppDelegate.h */,
				330A2A1719CABBE300441A2A /* AppDelegate.m */,
				330A2A1919CABBE300441A2A /* ViewController.h */,
				330A2A1A19CABBE300441A2A /* ViewController.m */,
				330A2A1C19CABBE300441A2A /* Main.storyboard */,
				330A2A1F19CABBE300441A2A /* Images.xcassets */,
				330A2A2119CABBE300441A2A /* LaunchScreen.xib */,
				330A2A1219CABBE300441A2A /* Supporting Files */,
				335C358619D16C86004CD23C /* KeyboardButtonManager.h */,
				335C358719D16C86004CD23C /* KeyboardButtonManager.m */,
				335C358919D16EC1004CD23C /* KeyboardButtonObject.h */,
				335C358A19D16EC1004CD23C /* KeyboardButtonObject.m */,
				335C359019D17673004CD23C /* BonjourConnection */,
				33657F1A19E027700074D782 /* KeysData.h */,
				33657F1B19E027700074D782 /* KeysData.m */,
			);
			path = MousePadPre;
			sourceTree = "<group>";
		};
		330A2A1219CABBE300441A2A /* Supporting Files */ = {
			isa = PBXGroup;
			children = (
				330A2A1319CABBE300441A2A /* Info.plist */,
				330A2A1419CABBE300441A2A /* main.m */,
			);
			name = "Supporting Files";
			sourceTree = "<group>";
		};
		330A2A2B19CABBE300441A2A /* MousePadPreTests */ = {
			isa = PBXGroup;
			children = (
				330A2A2E19CABBE300441A2A /* MousePadPreTests.m */,
				330A2A2C19CABBE300441A2A /* Supporting Files */,
			);
			path = MousePadPreTests;
			sourceTree = "<group>";
		};
		330A2A2C19CABBE300441A2A /* Supporting Files */ = {
			isa = PBXGroup;
			children = (
				330A2A2D19CABBE300441A2A /* Info.plist */,
			);
			name = "Supporting Files";
			sourceTree = "<group>";
		};
		335C358519D163DA004CD23C /* TimeAssert */ = {
			isa = PBXGroup;
			children = (
				335C358219D163D5004CD23C /* TimeMine.h */,
				335C358319D163D5004CD23C /* TimeMine.m */,
			);
			name = TimeAssert;
			sourceTree = "<group>";
		};
		335C359019D17673004CD23C /* BonjourConnection */ = {
			isa = PBXGroup;
			children = (
				335C358C19D17664004CD23C /* BonjourConnectionController.h */,
				335C358D19D17664004CD23C /* BonjourConnectionController.m */,
			);
			name = BonjourConnection;
			sourceTree = "<group>";
		};
/* End PBXGroup section */

/* Begin PBXNativeTarget section */
		330A2A0E19CABBE300441A2A /* MousePadPre */ = {
			isa = PBXNativeTarget;
			buildConfigurationList = 330A2A3219CABBE300441A2A /* Build configuration list for PBXNativeTarget "MousePadPre" */;
			buildPhases = (
				330A2A0B19CABBE300441A2A /* Sources */,
				330A2A0C19CABBE300441A2A /* Frameworks */,
				330A2A0D19CABBE300441A2A /* Resources */,
			);
			buildRules = (
			);
			dependencies = (
			);
			name = MousePadPre;
			productName = MousePadPre;
			productReference = 330A2A0F19CABBE300441A2A /* MousePadPre.app */;
			productType = "com.apple.product-type.application";
		};
		330A2A2719CABBE300441A2A /* MousePadPreTests */ = {
			isa = PBXNativeTarget;
			buildConfigurationList = 330A2A3519CABBE300441A2A /* Build configuration list for PBXNativeTarget "MousePadPreTests" */;
			buildPhases = (
				330A2A2419CABBE300441A2A /* Sources */,
				330A2A2519CABBE300441A2A /* Frameworks */,
				330A2A2619CABBE300441A2A /* Resources */,
			);
			buildRules = (
			);
			dependencies = (
				330A2A2A19CABBE300441A2A /* PBXTargetDependency */,
			);
			name = MousePadPreTests;
			productName = MousePadPreTests;
			productReference = 330A2A2819CABBE300441A2A /* MousePadPreTests.xctest */;
			productType = "com.apple.product-type.bundle.unit-test";
		};
/* End PBXNativeTarget section */

/* Begin PBXProject section */
		330A2A0719CABBE300441A2A /* Project object */ = {
			isa = PBXProject;
			attributes = {
				LastUpgradeCheck = 0600;
				ORGANIZATIONNAME = KISSAKI;
				TargetAttributes = {
					330A2A0E19CABBE300441A2A = {
						CreatedOnToolsVersion = 6.0;
						DevelopmentTeam = 3T495L69P7;
					};
					330A2A2719CABBE300441A2A = {
						CreatedOnToolsVersion = 6.0;
						TestTargetID = 330A2A0E19CABBE300441A2A;
					};
				};
			};
			buildConfigurationList = 330A2A0A19CABBE300441A2A /* Build configuration list for PBXProject "MousePadPre" */;
			compatibilityVersion = "Xcode 3.2";
			developmentRegion = English;
			hasScannedForEncodings = 0;
			knownRegions = (
				en,
				Base,
			);
			mainGroup = 330A2A0619CABBE300441A2A;
			productRefGroup = 330A2A1019CABBE300441A2A /* Products */;
			projectDirPath = "";
			projectRoot = "";
			targets = (
				330A2A0E19CABBE300441A2A /* MousePadPre */,
				330A2A2719CABBE300441A2A /* MousePadPreTests */,
			);
		};
/* End PBXProject section */

/* Begin PBXResourcesBuildPhase section */
		330A2A0D19CABBE300441A2A /* Resources */ = {
			isa = PBXResourcesBuildPhase;
			buildActionMask = 2147483647;
			files = (
				330A2A1E19CABBE300441A2A /* Main.storyboard in Resources */,
				330A2A2319CABBE300441A2A /* LaunchScreen.xib in Resources */,
				330A2A2019CABBE300441A2A /* Images.xcassets in Resources */,
			);
			runOnlyForDeploymentPostprocessing = 0;
		};
		330A2A2619CABBE300441A2A /* Resources */ = {
			isa = PBXResourcesBuildPhase;
			buildActionMask = 2147483647;
			files = (
			);
			runOnlyForDeploymentPostprocessing = 0;
		};
/* End PBXResourcesBuildPhase section */

/* Begin PBXSourcesBuildPhase section */
		330A2A0B19CABBE300441A2A /* Sources */ = {
			isa = PBXSourcesBuildPhase;
			buildActionMask = 2147483647;
			files = (
				330A2A1B19CABBE300441A2A /* ViewController.m in Sources */,
				335C358E19D17664004CD23C /* BonjourConnectionController.m in Sources */,
				335C358819D16C86004CD23C /* KeyboardButtonManager.m in Sources */,
				33657F1C19E027700074D782 /* KeysData.m in Sources */,
				335C358419D163D5004CD23C /* TimeMine.m in Sources */,
				330A2A1819CABBE300441A2A /* AppDelegate.m in Sources */,
				330A2A1519CABBE300441A2A /* main.m in Sources */,
				335C358B19D16EC1004CD23C /* KeyboardButtonObject.m in Sources */,
			);
			runOnlyForDeploymentPostprocessing = 0;
		};
		330A2A2419CABBE300441A2A /* Sources */ = {
			isa = PBXSourcesBuildPhase;
			buildActionMask = 2147483647;
			files = (
				330A2A2F19CABBE300441A2A /* MousePadPreTests.m in Sources */,
				33657F1D19E027700074D782 /* KeysData.m in Sources */,
			);
			runOnlyForDeploymentPostprocessing = 0;
		};
/* End PBXSourcesBuildPhase section */

/* Begin PBXTargetDependency section */
		330A2A2A19CABBE300441A2A /* PBXTargetDependency */ = {
			isa = PBXTargetDependency;
			target = 330A2A0E19CABBE300441A2A /* MousePadPre */;
			targetProxy = 330A2A2919CABBE300441A2A /* PBXContainerItemProxy */;
		};
/* End PBXTargetDependency section */

/* Begin PBXVariantGroup section */
		330A2A1C19CABBE300441A2A /* Main.storyboard */ = {
			isa = PBXVariantGroup;
			children = (
				330A2A1D19CABBE300441A2A /* Base */,
			);
			name = Main.storyboard;
			sourceTree = "<group>";
		};
		330A2A2119CABBE300441A2A /* LaunchScreen.xib */ = {
			isa = PBXVariantGroup;
			children = (
				330A2A2219CABBE300441A2A /* Base */,
			);
			name = LaunchScreen.xib;
			sourceTree = "<group>";
		};
/* End PBXVariantGroup section */

/* Begin XCBuildConfiguration section */
		330A2A3019CABBE300441A2A /* Debug */ = {
			isa = XCBuildConfiguration;
			buildSettings = {
				ALWAYS_SEARCH_USER_PATHS = NO;
				CLANG_CXX_LANGUAGE_STANDARD = "gnu++0x";
				CLANG_CXX_LIBRARY = "libc++";
				CLANG_ENABLE_MODULES = YES;
				CLANG_ENABLE_OBJC_ARC = YES;
				CLANG_WARN_BOOL_CONVERSION = YES;
				CLANG_WARN_CONSTANT_CONVERSION = YES;
				CLANG_WARN_DIRECT_OBJC_ISA_USAGE = YES_ERROR;
				CLANG_WARN_EMPTY_BODY = YES;
				CLANG_WARN_ENUM_CONVERSION = YES;
				CLANG_WARN_INT_CONVERSION = YES;
				CLANG_WARN_OBJC_ROOT_CLASS = YES_ERROR;
				CLANG_WARN_UNREACHABLE_CODE = YES;
				CLANG_WARN__DUPLICATE_METHOD_MATCH = YES;
				"CODE_SIGN_IDENTITY[sdk=iphoneos*]" = "iPhone Developer";
				COPY_PHASE_STRIP = NO;
				ENABLE_STRICT_OBJC_MSGSEND = YES;
				GCC_C_LANGUAGE_STANDARD = gnu99;
				GCC_DYNAMIC_NO_PIC = NO;
				GCC_OPTIMIZATION_LEVEL = 0;
				GCC_PREPROCESSOR_DEFINITIONS = (
					"DEBUG=1",
					"$(inherited)",
				);
				GCC_SYMBOLS_PRIVATE_EXTERN = NO;
				GCC_WARN_64_TO_32_BIT_CONVERSION = YES;
				GCC_WARN_ABOUT_RETURN_TYPE = YES_ERROR;
				GCC_WARN_UNDECLARED_SELECTOR = YES;
				GCC_WARN_UNINITIALIZED_AUTOS = YES_AGGRESSIVE;
				GCC_WARN_UNUSED_FUNCTION = YES;
				GCC_WARN_UNUSED_VARIABLE = YES;
				IPHONEOS_DEPLOYMENT_TARGET = 7.0;
				MTL_ENABLE_DEBUG_INFO = YES;
				ONLY_ACTIVE_ARCH = YES;
				SDKROOT = iphoneos;
				TARGETED_DEVICE_FAMILY = 2;
			};
			name = Debug;
		};
		330A2A3119CABBE300441A2A /* Release */ = {
			isa = XCBuildConfiguration;
			buildSettings = {
				ALWAYS_SEARCH_USER_PATHS = NO;
				CLANG_CXX_LANGUAGE_STANDARD = "gnu++0x";
				CLANG_CXX_LIBRARY = "libc++";
				CLANG_ENABLE_MODULES = YES;
				CLANG_ENABLE_OBJC_ARC = YES;
				CLANG_WARN_BOOL_CONVERSION = YES;
				CLANG_WARN_CONSTANT_CONVERSION = YES;
				CLANG_WARN_DIRECT_OBJC_ISA_USAGE = YES_ERROR;
				CLANG_WARN_EMPTY_BODY = YES;
				CLANG_WARN_ENUM_CONVERSION = YES;
				CLANG_WARN_INT_CONVERSION = YES;
				CLANG_WARN_OBJC_ROOT_CLASS = YES_ERROR;
				CLANG_WARN_UNREACHABLE_CODE = YES;
				CLANG_WARN__DUPLICATE_METHOD_MATCH = YES;
				"CODE_SIGN_IDENTITY[sdk=iphoneos*]" = "iPhone Developer";
				COPY_PHASE_STRIP = YES;
				ENABLE_NS_ASSERTIONS = NO;
				ENABLE_STRICT_OBJC_MSGSEND = YES;
				GCC_C_LANGUAGE_STANDARD = gnu99;
				GCC_WARN_64_TO_32_BIT_CONVERSION = YES;
				GCC_WARN_ABOUT_RETURN_TYPE = YES_ERROR;
				GCC_WARN_UNDECLARED_SELECTOR = YES;
				GCC_WARN_UNINITIALIZED_AUTOS = YES_AGGRESSIVE;
				GCC_WARN_UNUSED_FUNCTION = YES;
				GCC_WARN_UNUSED_VARIABLE = YES;
				IPHONEOS_DEPLOYMENT_TARGET = 7.0;
				MTL_ENABLE_DEBUG_INFO = NO;
				SDKROOT = iphoneos;
				TARGETED_DEVICE_FAMILY = 2;
				VALIDATE_PRODUCT = YES;
			};
			name = Release;
		};
		330A2A3319CABBE300441A2A /* Debug */ = {
			isa = XCBuildConfiguration;
			buildSettings = {
				ASSETCATALOG_COMPILER_APPICON_NAME = AppIcon;
				CODE_SIGN_IDENTITY = "iPhone Developer";
				"CODE_SIGN_IDENTITY[sdk=iphoneos*]" = "iPhone Developer";
				INFOPLIST_FILE = MousePadPre/Info.plist;
				IPHONEOS_DEPLOYMENT_TARGET = 7.0;
				LD_RUNPATH_SEARCH_PATHS = "$(inherited) @executable_path/Frameworks";
				PRODUCT_NAME = "$(TARGET_NAME)";
				PROVISIONING_PROFILE = "";
				TARGETED_DEVICE_FAMILY = "1,2";
			};
			name = Debug;
		};
		330A2A3419CABBE300441A2A /* Release */ = {
			isa = XCBuildConfiguration;
			buildSettings = {
				ASSETCATALOG_COMPILER_APPICON_NAME = AppIcon;
				CODE_SIGN_IDENTITY = "iPhone Developer";
				"CODE_SIGN_IDENTITY[sdk=iphoneos*]" = "iPhone Developer";
				INFOPLIST_FILE = MousePadPre/Info.plist;
				IPHONEOS_DEPLOYMENT_TARGET = 7.0;
				LD_RUNPATH_SEARCH_PATHS = "$(inherited) @executable_path/Frameworks";
				PRODUCT_NAME = "$(TARGET_NAME)";
				PROVISIONING_PROFILE = "";
				TARGETED_DEVICE_FAMILY = "1,2";
			};
			name = Release;
		};
		330A2A3619CABBE300441A2A /* Debug */ = {
			isa = XCBuildConfiguration;
			buildSettings = {
				BUNDLE_LOADER = "$(TEST_HOST)";
				FRAMEWORK_SEARCH_PATHS = (
					"$(SDKROOT)/Developer/Library/Frameworks",
					"$(inherited)",
				);
				GCC_PREPROCESSOR_DEFINITIONS = (
					"DEBUG=1",
					"$(inherited)",
				);
				INFOPLIST_FILE = MousePadPreTests/Info.plist;
				LD_RUNPATH_SEARCH_PATHS = "$(inherited) @executable_path/Frameworks @loader_path/Frameworks";
				PRODUCT_NAME = "$(TARGET_NAME)";
				TEST_HOST = "$(BUILT_PRODUCTS_DIR)/MousePadPre.app/MousePadPre";
			};
			name = Debug;
		};
		330A2A3719CABBE300441A2A /* Release */ = {
			isa = XCBuildConfiguration;
			buildSettings = {
				BUNDLE_LOADER = "$(TEST_HOST)";
				FRAMEWORK_SEARCH_PATHS = (
					"$(SDKROOT)/Developer/Library/Frameworks",
					"$(inherited)",
				);
				INFOPLIST_FILE = MousePadPreTests/Info.plist;
				LD_RUNPATH_SEARCH_PATHS = "$(inherited) @executable_path/Frameworks @loader_path/Frameworks";
				PRODUCT_NAME = "$(TARGET_NAME)";
				TEST_HOST = "$(BUILT_PRODUCTS_DIR)/MousePadPre.app/MousePadPre";
			};
			name = Release;
		};
/* End XCBuildConfiguration section */

/* Begin XCConfigurationList section */
		330A2A0A19CABBE300441A2A /* Build configuration list for PBXProject "MousePadPre" */ = {
			isa = XCConfigurationList;
			buildConfigurations = (
				330A2A3019CABBE300441A2A /* Debug */,
				330A2A3119CABBE300441A2A /* Release */,
			);
			defaultConfigurationIsVisible = 0;
			defaultConfigurationName = Release;
		};
		330A2A3219CABBE300441A2A /* Build configuration list for PBXNativeTarget "MousePadPre" */ = {
			isa = XCConfigurationList;
			buildConfigurations = (
				330A2A3319CABBE300441A2A /* Debug */,
				330A2A3419CABBE300441A2A /* Release */,
			);
			defaultConfigurationIsVisible = 0;
			defaultConfigurationName = Release;
		};
		330A2A3519CABBE300441A2A /* Build configuration list for PBXNativeTarget "MousePadPreTests" */ = {
			isa = XCConfigurationList;
			buildConfigurations = (
				330A2A3619CABBE300441A2A /* Debug */,
				330A2A3719CABBE300441A2A /* Release */,
			);
			defaultConfigurationIsVisible = 0;
			defaultConfigurationName = Release;
		};
/* End XCConfigurationList section */
	};
	rootObject = 330A2A0719CABBE300441A2A /* Project object */;
}
